
Microsoft Visual Studio Solution File, Format Version 12.00
# Visual Studio Version 16
VisualStudioVersion = 16.0.32602.291
MinimumVisualStudioVersion = 10.0.40219.1
Project("{8BC9CEB8-8B4A-11D0-8D11-00A0C91BC942}") = "demo_10_15", "demo_10_15\demo_10_15.vcxproj", "{B0B3A936-6296-4F96-B5D2-FDD5D5FA21BF}"
EndProject
Global
	GlobalSection(SolutionConfigurationPlatforms) = preSolution
		Debug|x64 = Debug|x64
		Debug|x86 = Debug|x86
		Release|x64 = Release|x64
		Release|x86 = Release|x86
	EndGlobalSection
	GlobalSection(ProjectConfigurationPlatforms) = postSolution
		{B0B3A936-6296-4F96-B5D2-FDD5D5FA21BF}.Debug|x64.ActiveCfg = Debug|x64
		{B0B3A936-6296-4F96-B5D2-FDD5D5FA21BF}.Debug|x64.Build.0 = Debug|x64
		{B0B3A936-6296-4F96-B5D2-FDD5D5FA21BF}.Debug|x86.ActiveCfg = Debug|Win32
		{B0B3A936-6296-4F96-B5D2-FDD5D5FA21BF}.Debug|x86.Build.0 = Debug|Win32
		{B0B3A936-6296-4F96-B5D2-FDD5D5FA21BF}.Release|x64.ActiveCfg = Release|x64
		{B0B3A936-6296-4F96-B5D2-FDD5D5FA21BF}.Release|x64.Build.0 = Release|x64
		{B0B3A936-6296-4F96-B5D2-FDD5D5FA21BF}.Release|x86.ActiveCfg = Release|Win32
		{B0B3A936-6296-4F96-B5D2-FDD5D5FA21BF}.Release|x86.Build.0 = Release|Win32
	EndGlobalSection
	GlobalSection(SolutionProperties) = preSolution
		HideSolutionNode = FALSE
	EndGlobalSection
	GlobalSection(ExtensibilityGlobals) = postSolution
		SolutionGuid = {3892AA04-A193-4FD8-9201-D0A9799E207D}
	EndGlobalSection
EndGlobal
