
Microsoft Visual Studio Solution File, Format Version 12.00
# Visual Studio Version 16
VisualStudioVersion = 16.0.32602.291
MinimumVisualStudioVersion = 10.0.40219.1
Project("{8BC9CEB8-8B4A-11D0-8D11-00A0C91BC942}") = "demo7.4", "demo7.4\demo7.4.vcxproj", "{E2FB8656-1012-4FAD-B43C-EEA63801B23D}"
EndProject
Global
	GlobalSection(SolutionConfigurationPlatforms) = preSolution
		Debug|x64 = Debug|x64
		Debug|x86 = Debug|x86
		Release|x64 = Release|x64
		Release|x86 = Release|x86
	EndGlobalSection
	GlobalSection(ProjectConfigurationPlatforms) = postSolution
		{E2FB8656-1012-4FAD-B43C-EEA63801B23D}.Debug|x64.ActiveCfg = Debug|x64
		{E2FB8656-1012-4FAD-B43C-EEA63801B23D}.Debug|x64.Build.0 = Debug|x64
		{E2FB8656-1012-4FAD-B43C-EEA63801B23D}.Debug|x86.ActiveCfg = Debug|Win32
		{E2FB8656-1012-4FAD-B43C-EEA63801B23D}.Debug|x86.Build.0 = Debug|Win32
		{E2FB8656-1012-4FAD-B43C-EEA63801B23D}.Release|x64.ActiveCfg = Release|x64
		{E2FB8656-1012-4FAD-B43C-EEA63801B23D}.Release|x64.Build.0 = Release|x64
		{E2FB8656-1012-4FAD-B43C-EEA63801B23D}.Release|x86.ActiveCfg = Release|Win32
		{E2FB8656-1012-4FAD-B43C-EEA63801B23D}.Release|x86.Build.0 = Release|Win32
	EndGlobalSection
	GlobalSection(SolutionProperties) = preSolution
		HideSolutionNode = FALSE
	EndGlobalSection
	GlobalSection(ExtensibilityGlobals) = postSolution
		SolutionGuid = {1993558D-2634-40BE-9296-6089FE40BAE9}
	EndGlobalSection
EndGlobal
